// !$*UTF8*$!
{
	archiveVersion = 1;
	classes = {
	};
	objectVersion = 50;
	objects = {

/* Begin PBXBuildFile section */
		8A05F3782109FC18004A5290 /* AppDelegate.swift in Sources */ = {isa = PBXBuildFile; fileRef = 8A05F3772109FC18004A5290 /* AppDelegate.swift */; };
		8A05F37A2109FC18004A5290 /* ViewController.swift in Sources */ = {isa = PBXBuildFile; fileRef = 8A05F3792109FC18004A5290 /* ViewController.swift */; };
		8A05F37D2109FC18004A5290 /* Main.storyboard in Resources */ = {isa = PBXBuildFile; fileRef = 8A05F37B2109FC18004A5290 /* Main.storyboard */; };
		8A05F37F2109FC19004A5290 /* Assets.xcassets in Resources */ = {isa = PBXBuildFile; fileRef = 8A05F37E2109FC19004A5290 /* Assets.xcassets */; };
		8A05F3822109FC19004A5290 /* LaunchScreen.storyboard in Resources */ = {isa = PBXBuildFile; fileRef = 8A05F3802109FC19004A5290 /* LaunchScreen.storyboard */; };
		8A05F38A2109FC4F004A5290 /* AnimationScene.swift in Sources */ = {isa = PBXBuildFile; fileRef = 8A05F3892109FC4F004A5290 /* AnimationScene.swift */; };
/* End PBXBuildFile section */

/* Begin PBXFileReference section */
		8A05F3742109FC18004A5290 /* SpriteKit (BubblesFlow).app */ = {isa = PBXFileReference; explicitFileType = wrapper.application; includeInIndex = 0; path = "SpriteKit (BubblesFlow).app"; sourceTree = BUILT_PRODUCTS_DIR; };
		8A05F3772109FC18004A5290 /* AppDelegate.swift */ = {isa = PBXFileReference; lastKnownFileType = sourcecode.swift; path = AppDelegate.swift; sourceTree = "<group>"; };
		8A05F3792109FC18004A5290 /* ViewController.swift */ = {isa = PBXFileReference; lastKnownFileType = sourcecode.swift; path = ViewController.swift; sourceTree = "<group>"; };
		8A05F37C2109FC18004A5290 /* Base */ = {isa = PBXFileReference; lastKnownFileType = file.storyboard; name = Base; path = Base.lproj/Main.storyboard; sourceTree = "<group>"; };
		8A05F37E2109FC19004A5290 /* Assets.xcassets */ = {isa = PBXFileReference; lastKnownFileType = folder.assetcatalog; path = Assets.xcassets; sourceTree = "<group>"; };
		8A05F3812109FC19004A5290 /* Base */ = {isa = PBXFileReference; lastKnownFileType = file.storyboard; name = Base; path = Base.lproj/LaunchScreen.storyboard; sourceTree = "<group>"; };
		8A05F3832109FC19004A5290 /* Info.plist */ = {isa = PBXFileReference; lastKnownFileType = text.plist.xml; path = Info.plist; sourceTree = "<group>"; };
		8A05F3892109FC4F004A5290 /* AnimationScene.swift */ = {isa = PBXFileReference; lastKnownFileType = sourcecode.swift; path = AnimationScene.swift; sourceTree = "<group>"; };
/* End PBXFileReference section */

/* Begin PBXFrameworksBuildPhase section */
		8A05F3712109FC18004A5290 /* Frameworks */ = {
			isa = PBXFrameworksBuildPhase;
			buildActionMask = 2147483647;
			files = (
			);
			runOnlyForDeploymentPostprocessing = 0;
		};
/* End PBXFrameworksBuildPhase section */

/* Begin PBXGroup section */
		8A05F36B2109FC18004A5290 = {
			isa = PBXGroup;
			children = (
				8A05F3762109FC18004A5290 /* SpriteKit (BubblesFlow) */,
				8A05F3752109FC18004A5290 /* Products */,
			);
			sourceTree = "<group>";
		};
		8A05F3752109FC18004A5290 /* Products */ = {
			isa = PBXGroup;
			children = (
				8A05F3742109FC18004A5290 /* SpriteKit (BubblesFlow).app */,
			);
			name = Products;
			sourceTree = "<group>";
		};
		8A05F3762109FC18004A5290 /* SpriteKit (BubblesFlow) */ = {
			isa = PBXGroup;
			children = (
				8A05F3772109FC18004A5290 /* AppDelegate.swift */,
				8A05F3792109FC18004A5290 /* ViewController.swift */,
				8A05F37B2109FC18004A5290 /* Main.storyboard */,
				8A05F37E2109FC19004A5290 /* Assets.xcassets */,
				8A05F3802109FC19004A5290 /* LaunchScreen.storyboard */,
				8A05F3832109FC19004A5290 /* Info.plist */,
				8A05F3892109FC4F004A5290 /* AnimationScene.swift */,
			);
			path = "SpriteKit (BubblesFlow)";
			sourceTree = "<group>";
		};
/* End PBXGroup section */

/* Begin PBXNativeTarget section */
		8A05F3732109FC18004A5290 /* SpriteKit (BubblesFlow) */ = {
			isa = PBXNativeTarget;
			buildConfigurationList = 8A05F3862109FC19004A5290 /* Build configuration list for PBXNativeTarget "SpriteKit (BubblesFlow)" */;
			buildPhases = (
				8A05F3702109FC18004A5290 /* Sources */,
				8A05F3712109FC18004A5290 /* Frameworks */,
				8A05F3722109FC18004A5290 /* Resources */,
			);
			buildRules = (
			);
			dependencies = (
			);
			name = "SpriteKit (BubblesFlow)";
			productName = "SpriteKit (BubblesFlow)";
			productReference = 8A05F3742109FC18004A5290 /* SpriteKit (BubblesFlow).app */;
			productType = "com.apple.product-type.application";
		};
/* End PBXNativeTarget section */

/* Begin PBXProject section */
		8A05F36C2109FC18004A5290 /* Project object */ = {
			isa = PBXProject;
			attributes = {
				LastSwiftUpdateCheck = 0940;
				LastUpgradeCheck = 0940;
				ORGANIZATIONNAME = Rahul;
				TargetAttributes = {
					8A05F3732109FC18004A5290 = {
						CreatedOnToolsVersion = 9.4;
					};
				};
			};
			buildConfigurationList = 8A05F36F2109FC18004A5290 /* Build configuration list for PBXProject "SpriteKit (BubblesFlow)" */;
			compatibilityVersion = "Xcode 9.3";
			developmentRegion = en;
			hasScannedForEncodings = 0;
			knownRegions = (
				en,
				Base,
			);
			mainGroup = 8A05F36B2109FC18004A5290;
			productRefGroup = 8A05F3752109FC18004A5290 /* Products */;
			projectDirPath = "";
			projectRoot = "";
			targets = (
				8A05F3732109FC18004A5290 /* SpriteKit (BubblesFlow) */,
			);
		};
/* End PBXProject section */

/* Begin PBXResourcesBuildPhase section */
		8A05F3722109FC18004A5290 /* Resources */ = {
			isa = PBXResourcesBuildPhase;
			buildActionMask = 2147483647;
			files = (
				8A05F3822109FC19004A5290 /* LaunchScreen.storyboard in Resources */,
				8A05F37F2109FC19004A5290 /* Assets.xcassets in Resources */,
				8A05F37D2109FC18004A5290 /* Main.storyboard in Resources */,
			);
			runOnlyForDeploymentPostprocessing = 0;
		};
/* End PBXResourcesBuildPhase section */

/* Begin PBXSourcesBuildPhase section */
		8A05F3702109FC18004A5290 /* Sources */ = {
			isa = PBXSourcesBuildPhase;
			buildActionMask = 2147483647;
			files = (
				8A05F37A2109FC18004A5290 /* ViewController.swift in Sources */,
				8A05F3782109FC18004A5290 /* AppDelegate.swift in Sources */,
				8A05F38A2109FC4F004A5290 /* AnimationScene.swift in Sources */,
			);
			runOnlyForDeploymentPostprocessing = 0;
		};
/* End PBXSourcesBuildPhase section */

/* Begin PBXVariantGroup section */
		8A05F37B2109FC18004A5290 /* Main.storyboard */ = {
			isa = PBXVariantGroup;
			children = (
				8A05F37C2109FC18004A5290 /* Base */,
			);
			name = Main.storyboard;
			sourceTree = "<group>";
		};
		8A05F3802109FC19004A5290 /* LaunchScreen.storyboard */ = {
			isa = PBXVariantGroup;
			children = (
				8A05F3812109FC19004A5290 /* Base */,
			);
			name = LaunchScreen.storyboard;
			sourceTree = "<group>";
		};
/* End PBXVariantGroup section */

/* Begin XCBuildConfiguration section */
		8A05F3842109FC19004A5290 /* Debug */ = {
			isa = XCBuildConfiguration;
			buildSettings = {
				ALWAYS_SEARCH_USER_PATHS = NO;
				CLANG_ANALYZER_NONNULL = YES;
				CLANG_ANALYZER_NUMBER_OBJECT_CONVERSION = YES_AGGRESSIVE;
				CLANG_CXX_LANGUAGE_STANDARD = "gnu++14";
				CLANG_CXX_LIBRARY = "libc++";
				CLANG_ENABLE_MODULES = YES;
				CLANG_ENABLE_OBJC_ARC = YES;
				CLANG_ENABLE_OBJC_WEAK = YES;
				CLANG_WARN_BLOCK_CAPTURE_AUTORELEASING = YES;
				CLANG_WARN_BOOL_CONVERSION = YES;
				CLANG_WARN_COMMA = YES;
				CLANG_WARN_CONSTANT_CONVERSION = YES;
				CLANG_WARN_DEPRECATED_OBJC_IMPLEMENTATIONS = YES;
				CLANG_WARN_DIRECT_OBJC_ISA_USAGE = YES_ERROR;
				CLANG_WARN_DOCUMENTATION_COMMENTS = YES;
				CLANG_WARN_EMPTY_BODY = YES;
				CLANG_WARN_ENUM_CONVERSION = YES;
				CLANG_WARN_INFINITE_RECURSION = YES;
				CLANG_WARN_INT_CONVERSION = YES;
				CLANG_WARN_NON_LITERAL_NULL_CONVERSION = YES;
				CLANG_WARN_OBJC_IMPLICIT_RETAIN_SELF = YES;
				CLANG_WARN_OBJC_LITERAL_CONVERSION = YES;
				CLANG_WARN_OBJC_ROOT_CLASS = YES_ERROR;
				CLANG_WARN_RANGE_LOOP_ANALYSIS = YES;
				CLANG_WARN_STRICT_PROTOTYPES = YES;
				CLANG_WARN_SUSPICIOUS_MOVE = YES;
				CLANG_WARN_UNGUARDED_AVAILABILITY = YES_AGGRESSIVE;
				CLANG_WARN_UNREACHABLE_CODE = YES;
				CLANG_WARN__DUPLICATE_METHOD_MATCH = YES;
				CODE_SIGN_IDENTITY = "iPhone Developer";
				COPY_PHASE_STRIP = NO;
				DEBUG_INFORMATION_FORMAT = dwarf;
				ENABLE_STRICT_OBJC_MSGSEND = YES;
				ENABLE_TESTABILITY = YES;
				GCC_C_LANGUAGE_STANDARD = gnu11;
				GCC_DYNAMIC_NO_PIC = NO;
				GCC_NO_COMMON_BLOCKS = YES;
				GCC_OPTIMIZATION_LEVEL = 0;
				GCC_PREPROCESSOR_DEFINITIONS = (
					"DEBUG=1",
					"$(inherited)",
				);
				GCC_WARN_64_TO_32_BIT_CONVERSION = YES;
				GCC_WARN_ABOUT_RETURN_TYPE = YES_ERROR;
				GCC_WARN_UNDECLARED_SELECTOR = YES;
				GCC_WARN_UNINITIALIZED_AUTOS = YES_AGGRESSIVE;
				GCC_WARN_UNUSED_FUNCTION = YES;
				GCC_WARN_UNUSED_VARIABLE = YES;
				IPHONEOS_DEPLOYMENT_TARGET = 11.4;
				MTL_ENABLE_DEBUG_INFO = YES;
				ONLY_ACTIVE_ARCH = YES;
				SDKROOT = iphoneos;
				SWIFT_ACTIVE_COMPILATION_CONDITIONS = DEBUG;
				SWIFT_OPTIMIZATION_LEVEL = "-Onone";
			};
			name = Debug;
		};
		8A05F3852109FC19004A5290 /* Release */ = {
			isa = XCBuildConfiguration;
			buildSettings = {
				ALWAYS_SEARCH_USER_PATHS = NO;
				CLANG_ANALYZER_NONNULL = YES;
				CLANG_ANALYZER_NUMBER_OBJECT_CONVERSION = YES_AGGRESSIVE;
				CLANG_CXX_LANGUAGE_STANDARD = "gnu++14";
				CLANG_CXX_LIBRARY = "libc++";
				CLANG_ENABLE_MODULES = YES;
				CLANG_ENABLE_OBJC_ARC = YES;
				CLANG_ENABLE_OBJC_WEAK = YES;
				CLANG_WARN_BLOCK_CAPTURE_AUTORELEASING = YES;
				CLANG_WARN_BOOL_CONVERSION = YES;
				CLANG_WARN_COMMA = YES;
				CLANG_WARN_CONSTANT_CONVERSION = YES;
				CLANG_WARN_DEPRECATED_OBJC_IMPLEMENTATIONS = YES;
				CLANG_WARN_DIRECT_OBJC_ISA_USAGE = YES_ERROR;
				CLANG_WARN_DOCUMENTATION_COMMENTS = YES;
				CLANG_WARN_EMPTY_BODY = YES;
				CLANG_WARN_ENUM_CONVERSION = YES;
				CLANG_WARN_INFINITE_RECURSION = YES;
				CLANG_WARN_INT_CONVERSION = YES;
				CLANG_WARN_NON_LITERAL_NULL_CONVERSION = YES;
				CLANG_WARN_OBJC_IMPLICIT_RETAIN_SELF = YES;
				CLANG_WARN_OBJC_LITERAL_CONVERSION = YES;
				CLANG_WARN_OBJC_ROOT_CLASS = YES_ERROR;
				CLANG_WARN_RANGE_LOOP_ANALYSIS = YES;
				CLANG_WARN_STRICT_PROTOTYPES = YES;
				CLANG_WARN_SUSPICIOUS_MOVE = YES;
				CLANG_WARN_UNGUARDED_AVAILABILITY = YES_AGGRESSIVE;
				CLANG_WARN_UNREACHABLE_CODE = YES;
				CLANG_WARN__DUPLICATE_METHOD_MATCH = YES;
				CODE_SIGN_IDENTITY = "iPhone Developer";
				COPY_PHASE_STRIP = NO;
				DEBUG_INFORMATION_FORMAT = "dwarf-with-dsym";
				ENABLE_NS_ASSERTIONS = NO;
				ENABLE_STRICT_OBJC_MSGSEND = YES;
				GCC_C_LANGUAGE_STANDARD = gnu11;
				GCC_NO_COMMON_BLOCKS = YES;
				GCC_WARN_64_TO_32_BIT_CONVERSION = YES;
				GCC_WARN_ABOUT_RETURN_TYPE = YES_ERROR;
				GCC_WARN_UNDECLARED_SELECTOR = YES;
				GCC_WARN_UNINITIALIZED_AUTOS = YES_AGGRESSIVE;
				GCC_WARN_UNUSED_FUNCTION = YES;
				GCC_WARN_UNUSED_VARIABLE = YES;
				IPHONEOS_DEPLOYMENT_TARGET = 11.4;
				MTL_ENABLE_DEBUG_INFO = NO;
				SDKROOT = iphoneos;
				SWIFT_COMPILATION_MODE = wholemodule;
				SWIFT_OPTIMIZATION_LEVEL = "-O";
				VALIDATE_PRODUCT = YES;
			};
			name = Release;
		};
		8A05F3872109FC19004A5290 /* Debug */ = {
			isa = XCBuildConfiguration;
			buildSettings = {
				ASSETCATALOG_COMPILER_APPICON_NAME = AppIcon;
				CODE_SIGN_STYLE = Automatic;
				INFOPLIST_FILE = "SpriteKit (BubblesFlow)/Info.plist";
				LD_RUNPATH_SEARCH_PATHS = (
					"$(inherited)",
					"@executable_path/Frameworks",
				);
				PRODUCT_BUNDLE_IDENTIFIER = "com.rahul.SpriteKit--BubblesFlow-";
				PRODUCT_NAME = "$(TARGET_NAME)";
				SWIFT_VERSION = 4.0;
				TARGETED_DEVICE_FAMILY = "1,2";
			};
			name = Debug;
		};
		8A05F3882109FC19004A5290 /* Release */ = {
			isa = XCBuildConfiguration;
			buildSettings = {
				ASSETCATALOG_COMPILER_APPICON_NAME = AppIcon;
				CODE_SIGN_STYLE = Automatic;
				INFOPLIST_FILE = "SpriteKit (BubblesFlow)/Info.plist";
				LD_RUNPATH_SEARCH_PATHS = (
					"$(inherited)",
					"@executable_path/Frameworks",
				);
				PRODUCT_BUNDLE_IDENTIFIER = "com.rahul.SpriteKit--BubblesFlow-";
				PRODUCT_NAME = "$(TARGET_NAME)";
				SWIFT_VERSION = 4.0;
				TARGETED_DEVICE_FAMILY = "1,2";
			};
			name = Release;
		};
/* End XCBuildConfiguration section */

/* Begin XCConfigurationList section */
		8A05F36F2109FC18004A5290 /* Build configuration list for PBXProject "SpriteKit (BubblesFlow)" */ = {
			isa = XCConfigurationList;
			buildConfigurations = (
				8A05F3842109FC19004A5290 /* Debug */,
				8A05F3852109FC19004A5290 /* Release */,
			);
			defaultConfigurationIsVisible = 0;
			defaultConfigurationName = Release;
		};
		8A05F3862109FC19004A5290 /* Build configuration list for PBXNativeTarget "SpriteKit (BubblesFlow)" */ = {
			isa = XCConfigurationList;
			buildConfigurations = (
				8A05F3872109FC19004A5290 /* Debug */,
				8A05F3882109FC19004A5290 /* Release */,
			);
			defaultConfigurationIsVisible = 0;
			defaultConfigurationName = Release;
		};
/* End XCConfigurationList section */
	};
	rootObject = 8A05F36C2109FC18004A5290 /* Project object */;
}
